
Microsoft Visual Studio Solution File, Format Version 12.00
# Visual Studio 15
VisualStudioVersion = 15.0.27130.2036
MinimumVisualStudioVersion = 10.0.40219.1
Project("{FAE04EC0-301F-11D3-BF4B-00C04F79EFBC}") = "LocalDatabaseApp", "LocalDatabaseApp\LocalDatabaseApp.csproj", "{568BBC67-A2A6-4EE0-A0CB-3C08785508B8}"
EndProject
Global
	GlobalSection(SolutionConfigurationPlatforms) = preSolution
		Debug|Any CPU = Debug|Any CPU
		Release|Any CPU = Release|Any CPU
	EndGlobalSection
	GlobalSection(ProjectConfigurationPlatforms) = postSolution
		{568BBC67-A2A6-4EE0-A0CB-3C08785508B8}.Debug|Any CPU.ActiveCfg = Debug|Any CPU
		{568BBC67-A2A6-4EE0-A0CB-3C08785508B8}.Debug|Any CPU.Build.0 = Debug|Any CPU
		{568BBC67-A2A6-4EE0-A0CB-3C08785508B8}.Release|Any CPU.ActiveCfg = Release|Any CPU
		{568BBC67-A2A6-4EE0-A0CB-3C08785508B8}.Release|Any CPU.Build.0 = Release|Any CPU
	EndGlobalSection
	GlobalSection(SolutionProperties) = preSolution
		HideSolutionNode = FALSE
	EndGlobalSection
	GlobalSection(ExtensibilityGlobals) = postSolution
		SolutionGuid = {290DA84E-390E-4797-B400-DF93C4651206}
	EndGlobalSection
EndGlobal
